
Microsoft Visual Studio Solution File, Format Version 12.00
# Visual Studio Version 16
VisualStudioVersion = 16.0.30523.141
MinimumVisualStudioVersion = 10.0.40219.1
Project("{2150E333-8FDC-42A3-9474-1A3956D46DE8}") = "1_semestr", "1_semestr", "{3F036364-6C00-446C-803B-099853E29A63}"
EndProject
Project("{8BC9CEB8-8B4A-11D0-8D11-00A0C91BC942}") = "Labaratorna_1_1", "Labaratorna_1_1\Labaratorna_1_1.vcxproj", "{952045BC-F6A1-405E-99D0-9899E6D7CFBF}"
EndProject
Project("{8BC9CEB8-8B4A-11D0-8D11-00A0C91BC942}") = "Labaratorna_1_2", "Labaratorna_1_2\Labaratorna_1_2.vcxproj", "{CF278416-E153-4484-B82C-24F0603F2923}"
EndProject
Project("{8BC9CEB8-8B4A-11D0-8D11-00A0C91BC942}") = "Labaratorna_1_3", "Laboratorna_1_3\Laboratorna_1_3.vcxproj", "{B336EBED-4A36-416C-82CF-007F3256790D}"
EndProject
Project("{8BC9CEB8-8B4A-11D0-8D11-00A0C91BC942}") = "Labaratorna_1_4", "Laboratorna_1_4\Laboratorna_1_4.vcxproj", "{0857B58B-6640-444C-94F6-A022E735B008}"
EndProject
Project("{8BC9CEB8-8B4A-11D0-8D11-00A0C91BC942}") = "Labaratorna_1_5", "Labaratorna_1_5\Labaratorna_1_5.vcxproj", "{725DB478-7980-4640-9BF6-CBABFEF870B7}"
EndProject
Project("{8BC9CEB8-8B4A-11D0-8D11-00A0C91BC942}") = "NoTarget(personal_use)", "NoTarget(personal_use)\NoTarget(personal_use).vcxproj", "{B39FB679-A3A6-461A-9F2E-171573E0E862}"
EndProject
Project("{8BC9CEB8-8B4A-11D0-8D11-00A0C91BC942}") = "Labaratorna_2_1", "Labaratorna_2_1\Labaratorna_2_1.vcxproj", "{47B48173-356B-47F8-8026-ED1E765727BB}"
EndProject
Project("{8BC9CEB8-8B4A-11D0-8D11-00A0C91BC942}") = "Labaratorna_2_2", "Labaratorna_2_2\Labaratorna_2_2.vcxproj", "{1765A130-AE36-4E76-B76C-DC71CF0397FF}"
EndProject
Project("{8BC9CEB8-8B4A-11D0-8D11-00A0C91BC942}") = "Labaratorna_2_3", "Labaratorna_2_3\Labaratorna_2_3.vcxproj", "{D62BBD06-B351-480E-B533-226029BD4AB7}"
EndProject
Project("{8BC9CEB8-8B4A-11D0-8D11-00A0C91BC942}") = "Labaratorna_2_5", "Labaratorna_2_5\Labaratorna_2_5.vcxproj", "{4860327C-3710-4E8E-ADEB-0E04A2C8C79B}"
EndProject
Project("{8BC9CEB8-8B4A-11D0-8D11-00A0C91BC942}") = "Labaratorna_2_4", "Labaratorna_2_4\Labaratorna_2_4.vcxproj", "{86112414-7001-470F-AF01-25EB09AE4F54}"
EndProject
Project("{2150E333-8FDC-42A3-9474-1A3956D46DE8}") = "Lab 3", "Lab 3", "{D78D8699-30B1-4914-9E22-7A64A8F0923A}"
EndProject
Project("{2150E333-8FDC-42A3-9474-1A3956D46DE8}") = "Lab 1", "Lab 1", "{C308F213-DB45-44BD-936C-9CB321B3B1E3}"
EndProject
Project("{2150E333-8FDC-42A3-9474-1A3956D46DE8}") = "Lab 2", "Lab 2", "{DF5803E6-7A3E-4C03-9513-4E40288ECC05}"
EndProject
Project("{8BC9CEB8-8B4A-11D0-8D11-00A0C91BC942}") = "Labaratorna_3_1", "Labaratorna_3_1\Labaratorna_3_1.vcxproj", "{56811EBE-9777-4B2C-9541-8C29BA45C74E}"
EndProject
Project("{8BC9CEB8-8B4A-11D0-8D11-00A0C91BC942}") = "Labaratorna_3_2", "Labaratorna_3_2\Labaratorna_3_2.vcxproj", "{D01C3C2F-77C3-4ACA-B79D-AD4316041C95}"
EndProject
Project("{8BC9CEB8-8B4A-11D0-8D11-00A0C91BC942}") = "Labaratorna_3_3", "Labaratorna_3_3\Labaratorna_3_3.vcxproj", "{34670326-E5F1-49D3-8448-CBFEA26FB5DB}"
EndProject
Project("{8BC9CEB8-8B4A-11D0-8D11-00A0C91BC942}") = "Labaratorna_3_4", "Labaratorna_3_4\Labaratorna_3_4.vcxproj", "{F9FAF570-EDA6-4331-B5F3-85EC892BE44F}"
EndProject
Project("{8BC9CEB8-8B4A-11D0-8D11-00A0C91BC942}") = "Labaratorna_3_5", "Labaratorna_3_5\Labaratorna_3_5.vcxproj", "{7B5C7726-CEB1-41E1-8F2F-6F538C370221}"
EndProject
Project("{2150E333-8FDC-42A3-9474-1A3956D46DE8}") = "Lab 4", "Lab 4", "{BACF3EA4-4A5E-429F-B8C9-C35915FCDC0D}"
EndProject
Project("{8BC9CEB8-8B4A-11D0-8D11-00A0C91BC942}") = "Labaratorna_4_1", "Labaratorna_4_1\Labaratorna_4_1.vcxproj", "{C8DDF36D-3D4E-4E82-800E-42CFB17ACE77}"
EndProject
Project("{8BC9CEB8-8B4A-11D0-8D11-00A0C91BC942}") = "Labaratorna_4_3", "Labaratorna_4_3\Labaratorna_4_3.vcxproj", "{0B36CE12-055C-47A0-9ABC-DF95670CE6C4}"
EndProject
Project("{8BC9CEB8-8B4A-11D0-8D11-00A0C91BC942}") = "Labaratorna_4_5", "Labaratorna_4_5\Labaratorna_4_5.vcxproj", "{57AF0749-12B0-4654-9C9D-D21E7E0BBC19}"
EndProject
Project("{8BC9CEB8-8B4A-11D0-8D11-00A0C91BC942}") = "Labaratorna_4_7", "Labaratorna_4_7\Labaratorna_4_7.vcxproj", "{9CCCD072-97DD-4625-AA3D-C753F7D7F25B}"
EndProject
Project("{8BC9CEB8-8B4A-11D0-8D11-00A0C91BC942}") = "Labaratorna_4_10", "Labaratorna_4_10\Labaratorna_4_10.vcxproj", "{C680CC9E-371F-492F-9CC0-3AFD821454A0}"
EndProject
Project("{2150E333-8FDC-42A3-9474-1A3956D46DE8}") = "Lab 5", "Lab 5", "{42D896F5-BFF6-47B4-9004-BAD5B7FAD902}"
EndProject
Project("{8BC9CEB8-8B4A-11D0-8D11-00A0C91BC942}") = "Labaratorna_5_1", "Labaratorna_5_1\Labaratorna_5_1.vcxproj", "{35F441B0-6461-4FB1-A520-75FB6C184CBA}"
EndProject
Project("{8BC9CEB8-8B4A-11D0-8D11-00A0C91BC942}") = "Labaratorna_5_2", "Labaratorna_5_2\Labaratorna_5_2.vcxproj", "{653662AA-0D11-4164-99CF-656ED7FAA309}"
EndProject
Project("{8BC9CEB8-8B4A-11D0-8D11-00A0C91BC942}") = "Labaratorna_5_5", "Labaratorna_5_5\Labaratorna_5_5.vcxproj", "{52881E94-1BA7-4544-A784-3ECB577BED5D}"
EndProject
Project("{8BC9CEB8-8B4A-11D0-8D11-00A0C91BC942}") = "Labaratorna_5_3", "Labaratorna_5_3\Labaratorna_5_3.vcxproj", "{C411B5E9-1194-444E-8A68-48DE4C5FED44}"
EndProject
Project("{8BC9CEB8-8B4A-11D0-8D11-00A0C91BC942}") = "Labaratorna_5_4", "Labaratorna_5_4\Labaratorna_5_4.vcxproj", "{02D4A08C-B62C-4791-9306-C7518AD04A09}"
EndProject
Project("{2150E333-8FDC-42A3-9474-1A3956D46DE8}") = "Lab 6", "Lab 6", "{2F661F48-BD07-4D8B-BE7C-43701099F64B}"
EndProject
Project("{8BC9CEB8-8B4A-11D0-8D11-00A0C91BC942}") = "Labaratorna_6_1", "Labaratorna_6_1\Labaratorna_6_1.vcxproj", "{8C1CCFF7-A123-4578-AB2B-7939548DDDEA}"
EndProject
Project("{8BC9CEB8-8B4A-11D0-8D11-00A0C91BC942}") = "Labaratorna_6_2", "Labaratorna_6_2\Labaratorna_6_2.vcxproj", "{F19218DE-6EB9-4C74-8775-9F6D166BA122}"
EndProject
Project("{8BC9CEB8-8B4A-11D0-8D11-00A0C91BC942}") = "Labaratorna_6_3", "Labaratorna_6_3\Labaratorna_6_3.vcxproj", "{AECF3648-BCC1-45D5-BA66-FFE84D5CCF89}"
EndProject
Project("{8BC9CEB8-8B4A-11D0-8D11-00A0C91BC942}") = "Labaratorna_6_4", "Labaratorna_6_4\Labaratorna_6_4.vcxproj", "{14295349-7EB6-46A3-9F5B-7D74B7B4738B}"
EndProject
Project("{8BC9CEB8-8B4A-11D0-8D11-00A0C91BC942}") = "Labaratorna_6_5", "Labaratorna_6_5\Labaratorna_6_5.vcxproj", "{388AA72B-B2E6-4FEE-9431-0EC4CFB0C964}"
EndProject
Project("{2150E333-8FDC-42A3-9474-1A3956D46DE8}") = "LAb 7", "LAb 7", "{80B3EC87-0CA1-4E6F-A9A0-3C67AB986C43}"
EndProject
Project("{8BC9CEB8-8B4A-11D0-8D11-00A0C91BC942}") = "Labaratorna_7_1", "Labaratorna_7_1\Labaratorna_7_1.vcxproj", "{EA2A21B6-5504-45D5-88D4-034B6EB8D7C1}"
EndProject
Project("{8BC9CEB8-8B4A-11D0-8D11-00A0C91BC942}") = "Labaratorna_7_2", "Labaratorna_7_2\Labaratorna_7_2.vcxproj", "{8C7B18C6-E8DC-43B1-8A54-2812E8D10E22}"
EndProject
Project("{8BC9CEB8-8B4A-11D0-8D11-00A0C91BC942}") = "Labaratorna_7_3", "Labaratorna_7_3\Labaratorna_7_3.vcxproj", "{DA326785-ED9E-408C-937E-19662E8DCF17}"
EndProject
Project("{8BC9CEB8-8B4A-11D0-8D11-00A0C91BC942}") = "Labaratorna_7_4", "Labaratorna_7_4\Labaratorna_7_4.vcxproj", "{3914AEAF-4402-482C-8E51-F98212089DD0}"
EndProject
Project("{8BC9CEB8-8B4A-11D0-8D11-00A0C91BC942}") = "Labaratorna_7_5", "Labaratorna_7_5\Labaratorna_7_5.vcxproj", "{47352791-0963-47D8-9F4D-59BEB454BEA5}"
EndProject
Project("{2150E333-8FDC-42A3-9474-1A3956D46DE8}") = "Lab 8", "Lab 8", "{77073FF4-F939-4B42-86E3-45BEB2E080A7}"
EndProject
Project("{8BC9CEB8-8B4A-11D0-8D11-00A0C91BC942}") = "Labaratorna_8_1", "Labaratorna_8_1\Labaratorna_8_1.vcxproj", "{020A55C4-C7FE-4758-AAF1-8CBD2D2010F5}"
EndProject
Project("{8BC9CEB8-8B4A-11D0-8D11-00A0C91BC942}") = "Labaratorna_8_2", "Labaratorna_8_2\Labaratorna_8_2.vcxproj", "{116F3A90-EB8A-4D5A-932C-BE5C73C670C3}"
EndProject
Project("{8BC9CEB8-8B4A-11D0-8D11-00A0C91BC942}") = "Labaratorna_8_3", "Labaratorna_8_3\Labaratorna_8_3.vcxproj", "{7EA880F1-5A07-464C-81FB-602F2ADAFB93}"
EndProject
Global
	GlobalSection(SolutionConfigurationPlatforms) = preSolution
		Debug|x64 = Debug|x64
		Debug|x86 = Debug|x86
		Release|x64 = Release|x64
		Release|x86 = Release|x86
	EndGlobalSection
	GlobalSection(ProjectConfigurationPlatforms) = postSolution
		{952045BC-F6A1-405E-99D0-9899E6D7CFBF}.Debug|x64.ActiveCfg = Debug|x64
		{952045BC-F6A1-405E-99D0-9899E6D7CFBF}.Debug|x64.Build.0 = Debug|x64
		{952045BC-F6A1-405E-99D0-9899E6D7CFBF}.Debug|x86.ActiveCfg = Debug|Win32
		{952045BC-F6A1-405E-99D0-9899E6D7CFBF}.Debug|x86.Build.0 = Debug|Win32
		{952045BC-F6A1-405E-99D0-9899E6D7CFBF}.Release|x64.ActiveCfg = Release|x64
		{952045BC-F6A1-405E-99D0-9899E6D7CFBF}.Release|x64.Build.0 = Release|x64
		{952045BC-F6A1-405E-99D0-9899E6D7CFBF}.Release|x86.ActiveCfg = Release|Win32
		{952045BC-F6A1-405E-99D0-9899E6D7CFBF}.Release|x86.Build.0 = Release|Win32
		{CF278416-E153-4484-B82C-24F0603F2923}.Debug|x64.ActiveCfg = Debug|x64
		{CF278416-E153-4484-B82C-24F0603F2923}.Debug|x64.Build.0 = Debug|x64
		{CF278416-E153-4484-B82C-24F0603F2923}.Debug|x86.ActiveCfg = Debug|Win32
		{CF278416-E153-4484-B82C-24F0603F2923}.Debug|x86.Build.0 = Debug|Win32
		{CF278416-E153-4484-B82C-24F0603F2923}.Release|x64.ActiveCfg = Release|x64
		{CF278416-E153-4484-B82C-24F0603F2923}.Release|x64.Build.0 = Release|x64
		{CF278416-E153-4484-B82C-24F0603F2923}.Release|x86.ActiveCfg = Release|Win32
		{CF278416-E153-4484-B82C-24F0603F2923}.Release|x86.Build.0 = Release|Win32
		{B336EBED-4A36-416C-82CF-007F3256790D}.Debug|x64.ActiveCfg = Debug|x64
		{B336EBED-4A36-416C-82CF-007F3256790D}.Debug|x64.Build.0 = Debug|x64
		{B336EBED-4A36-416C-82CF-007F3256790D}.Debug|x86.ActiveCfg = Debug|Win32
		{B336EBED-4A36-416C-82CF-007F3256790D}.Debug|x86.Build.0 = Debug|Win32
		{B336EBED-4A36-416C-82CF-007F3256790D}.Release|x64.ActiveCfg = Release|x64
		{B336EBED-4A36-416C-82CF-007F3256790D}.Release|x64.Build.0 = Release|x64
		{B336EBED-4A36-416C-82CF-007F3256790D}.Release|x86.ActiveCfg = Release|Win32
		{B336EBED-4A36-416C-82CF-007F3256790D}.Release|x86.Build.0 = Release|Win32
		{0857B58B-6640-444C-94F6-A022E735B008}.Debug|x64.ActiveCfg = Debug|x64
		{0857B58B-6640-444C-94F6-A022E735B008}.Debug|x64.Build.0 = Debug|x64
		{0857B58B-6640-444C-94F6-A022E735B008}.Debug|x86.ActiveCfg = Debug|Win32
		{0857B58B-6640-444C-94F6-A022E735B008}.Debug|x86.Build.0 = Debug|Win32
		{0857B58B-6640-444C-94F6-A022E735B008}.Release|x64.ActiveCfg = Release|x64
		{0857B58B-6640-444C-94F6-A022E735B008}.Release|x64.Build.0 = Release|x64
		{0857B58B-6640-444C-94F6-A022E735B008}.Release|x86.ActiveCfg = Release|Win32
		{0857B58B-6640-444C-94F6-A022E735B008}.Release|x86.Build.0 = Release|Win32
		{725DB478-7980-4640-9BF6-CBABFEF870B7}.Debug|x64.ActiveCfg = Debug|x64
		{725DB478-7980-4640-9BF6-CBABFEF870B7}.Debug|x64.Build.0 = Debug|x64
		{725DB478-7980-4640-9BF6-CBABFEF870B7}.Debug|x86.ActiveCfg = Debug|Win32
		{725DB478-7980-4640-9BF6-CBABFEF870B7}.Debug|x86.Build.0 = Debug|Win32
		{725DB478-7980-4640-9BF6-CBABFEF870B7}.Release|x64.ActiveCfg = Release|x64
		{725DB478-7980-4640-9BF6-CBABFEF870B7}.Release|x64.Build.0 = Release|x64
		{725DB478-7980-4640-9BF6-CBABFEF870B7}.Release|x86.ActiveCfg = Release|Win32
		{725DB478-7980-4640-9BF6-CBABFEF870B7}.Release|x86.Build.0 = Release|Win32
		{B39FB679-A3A6-461A-9F2E-171573E0E862}.Debug|x64.ActiveCfg = Debug|x64
		{B39FB679-A3A6-461A-9F2E-171573E0E862}.Debug|x64.Build.0 = Debug|x64
		{B39FB679-A3A6-461A-9F2E-171573E0E862}.Debug|x86.ActiveCfg = Debug|Win32
		{B39FB679-A3A6-461A-9F2E-171573E0E862}.Debug|x86.Build.0 = Debug|Win32
		{B39FB679-A3A6-461A-9F2E-171573E0E862}.Release|x64.ActiveCfg = Release|x64
		{B39FB679-A3A6-461A-9F2E-171573E0E862}.Release|x64.Build.0 = Release|x64
		{B39FB679-A3A6-461A-9F2E-171573E0E862}.Release|x86.ActiveCfg = Release|Win32
		{B39FB679-A3A6-461A-9F2E-171573E0E862}.Release|x86.Build.0 = Release|Win32
		{47B48173-356B-47F8-8026-ED1E765727BB}.Debug|x64.ActiveCfg = Debug|x64
		{47B48173-356B-47F8-8026-ED1E765727BB}.Debug|x64.Build.0 = Debug|x64
		{47B48173-356B-47F8-8026-ED1E765727BB}.Debug|x86.ActiveCfg = Debug|Win32
		{47B48173-356B-47F8-8026-ED1E765727BB}.Debug|x86.Build.0 = Debug|Win32
		{47B48173-356B-47F8-8026-ED1E765727BB}.Release|x64.ActiveCfg = Release|x64
		{47B48173-356B-47F8-8026-ED1E765727BB}.Release|x64.Build.0 = Release|x64
		{47B48173-356B-47F8-8026-ED1E765727BB}.Release|x86.ActiveCfg = Release|Win32
		{47B48173-356B-47F8-8026-ED1E765727BB}.Release|x86.Build.0 = Release|Win32
		{1765A130-AE36-4E76-B76C-DC71CF0397FF}.Debug|x64.ActiveCfg = Debug|x64
		{1765A130-AE36-4E76-B76C-DC71CF0397FF}.Debug|x64.Build.0 = Debug|x64
		{1765A130-AE36-4E76-B76C-DC71CF0397FF}.Debug|x86.ActiveCfg = Debug|Win32
		{1765A130-AE36-4E76-B76C-DC71CF0397FF}.Debug|x86.Build.0 = Debug|Win32
		{1765A130-AE36-4E76-B76C-DC71CF0397FF}.Release|x64.ActiveCfg = Release|x64
		{1765A130-AE36-4E76-B76C-DC71CF0397FF}.Release|x64.Build.0 = Release|x64
		{1765A130-AE36-4E76-B76C-DC71CF0397FF}.Release|x86.ActiveCfg = Release|Win32
		{1765A130-AE36-4E76-B76C-DC71CF0397FF}.Release|x86.Build.0 = Release|Win32
		{D62BBD06-B351-480E-B533-226029BD4AB7}.Debug|x64.ActiveCfg = Debug|x64
		{D62BBD06-B351-480E-B533-226029BD4AB7}.Debug|x64.Build.0 = Debug|x64
		{D62BBD06-B351-480E-B533-226029BD4AB7}.Debug|x86.ActiveCfg = Debug|Win32
		{D62BBD06-B351-480E-B533-226029BD4AB7}.Debug|x86.Build.0 = Debug|Win32
		{D62BBD06-B351-480E-B533-226029BD4AB7}.Release|x64.ActiveCfg = Release|x64
		{D62BBD06-B351-480E-B533-226029BD4AB7}.Release|x64.Build.0 = Release|x64
		{D62BBD06-B351-480E-B533-226029BD4AB7}.Release|x86.ActiveCfg = Release|Win32
		{D62BBD06-B351-480E-B533-226029BD4AB7}.Release|x86.Build.0 = Release|Win32
		{4860327C-3710-4E8E-ADEB-0E04A2C8C79B}.Debug|x64.ActiveCfg = Debug|x64
		{4860327C-3710-4E8E-ADEB-0E04A2C8C79B}.Debug|x64.Build.0 = Debug|x64
		{4860327C-3710-4E8E-ADEB-0E04A2C8C79B}.Debug|x86.ActiveCfg = Debug|Win32
		{4860327C-3710-4E8E-ADEB-0E04A2C8C79B}.Debug|x86.Build.0 = Debug|Win32
		{4860327C-3710-4E8E-ADEB-0E04A2C8C79B}.Release|x64.ActiveCfg = Release|x64
		{4860327C-3710-4E8E-ADEB-0E04A2C8C79B}.Release|x64.Build.0 = Release|x64
		{4860327C-3710-4E8E-ADEB-0E04A2C8C79B}.Release|x86.ActiveCfg = Release|Win32
		{4860327C-3710-4E8E-ADEB-0E04A2C8C79B}.Release|x86.Build.0 = Release|Win32
		{86112414-7001-470F-AF01-25EB09AE4F54}.Debug|x64.ActiveCfg = Debug|x64
		{86112414-7001-470F-AF01-25EB09AE4F54}.Debug|x64.Build.0 = Debug|x64
		{86112414-7001-470F-AF01-25EB09AE4F54}.Debug|x86.ActiveCfg = Debug|Win32
		{86112414-7001-470F-AF01-25EB09AE4F54}.Debug|x86.Build.0 = Debug|Win32
		{86112414-7001-470F-AF01-25EB09AE4F54}.Release|x64.ActiveCfg = Release|x64
		{86112414-7001-470F-AF01-25EB09AE4F54}.Release|x64.Build.0 = Release|x64
		{86112414-7001-470F-AF01-25EB09AE4F54}.Release|x86.ActiveCfg = Release|Win32
		{86112414-7001-470F-AF01-25EB09AE4F54}.Release|x86.Build.0 = Release|Win32
		{56811EBE-9777-4B2C-9541-8C29BA45C74E}.Debug|x64.ActiveCfg = Debug|x64
		{56811EBE-9777-4B2C-9541-8C29BA45C74E}.Debug|x64.Build.0 = Debug|x64
		{56811EBE-9777-4B2C-9541-8C29BA45C74E}.Debug|x86.ActiveCfg = Debug|Win32
		{56811EBE-9777-4B2C-9541-8C29BA45C74E}.Debug|x86.Build.0 = Debug|Win32
		{56811EBE-9777-4B2C-9541-8C29BA45C74E}.Release|x64.ActiveCfg = Release|x64
		{56811EBE-9777-4B2C-9541-8C29BA45C74E}.Release|x64.Build.0 = Release|x64
		{56811EBE-9777-4B2C-9541-8C29BA45C74E}.Release|x86.ActiveCfg = Release|Win32
		{56811EBE-9777-4B2C-9541-8C29BA45C74E}.Release|x86.Build.0 = Release|Win32
		{D01C3C2F-77C3-4ACA-B79D-AD4316041C95}.Debug|x64.ActiveCfg = Debug|x64
		{D01C3C2F-77C3-4ACA-B79D-AD4316041C95}.Debug|x64.Build.0 = Debug|x64
		{D01C3C2F-77C3-4ACA-B79D-AD4316041C95}.Debug|x86.ActiveCfg = Debug|Win32
		{D01C3C2F-77C3-4ACA-B79D-AD4316041C95}.Debug|x86.Build.0 = Debug|Win32
		{D01C3C2F-77C3-4ACA-B79D-AD4316041C95}.Release|x64.ActiveCfg = Release|x64
		{D01C3C2F-77C3-4ACA-B79D-AD4316041C95}.Release|x64.Build.0 = Release|x64
		{D01C3C2F-77C3-4ACA-B79D-AD4316041C95}.Release|x86.ActiveCfg = Release|Win32
		{D01C3C2F-77C3-4ACA-B79D-AD4316041C95}.Release|x86.Build.0 = Release|Win32
		{34670326-E5F1-49D3-8448-CBFEA26FB5DB}.Debug|x64.ActiveCfg = Debug|x64
		{34670326-E5F1-49D3-8448-CBFEA26FB5DB}.Debug|x64.Build.0 = Debug|x64
		{34670326-E5F1-49D3-8448-CBFEA26FB5DB}.Debug|x86.ActiveCfg = Debug|Win32
		{34670326-E5F1-49D3-8448-CBFEA26FB5DB}.Debug|x86.Build.0 = Debug|Win32
		{34670326-E5F1-49D3-8448-CBFEA26FB5DB}.Release|x64.ActiveCfg = Release|x64
		{34670326-E5F1-49D3-8448-CBFEA26FB5DB}.Release|x64.Build.0 = Release|x64
		{34670326-E5F1-49D3-8448-CBFEA26FB5DB}.Release|x86.ActiveCfg = Release|Win32
		{34670326-E5F1-49D3-8448-CBFEA26FB5DB}.Release|x86.Build.0 = Release|Win32
		{F9FAF570-EDA6-4331-B5F3-85EC892BE44F}.Debug|x64.ActiveCfg = Debug|x64
		{F9FAF570-EDA6-4331-B5F3-85EC892BE44F}.Debug|x64.Build.0 = Debug|x64
		{F9FAF570-EDA6-4331-B5F3-85EC892BE44F}.Debug|x86.ActiveCfg = Debug|Win32
		{F9FAF570-EDA6-4331-B5F3-85EC892BE44F}.Debug|x86.Build.0 = Debug|Win32
		{F9FAF570-EDA6-4331-B5F3-85EC892BE44F}.Release|x64.ActiveCfg = Release|x64
		{F9FAF570-EDA6-4331-B5F3-85EC892BE44F}.Release|x64.Build.0 = Release|x64
		{F9FAF570-EDA6-4331-B5F3-85EC892BE44F}.Release|x86.ActiveCfg = Release|Win32
		{F9FAF570-EDA6-4331-B5F3-85EC892BE44F}.Release|x86.Build.0 = Release|Win32
		{7B5C7726-CEB1-41E1-8F2F-6F538C370221}.Debug|x64.ActiveCfg = Debug|x64
		{7B5C7726-CEB1-41E1-8F2F-6F538C370221}.Debug|x64.Build.0 = Debug|x64
		{7B5C7726-CEB1-41E1-8F2F-6F538C370221}.Debug|x86.ActiveCfg = Debug|Win32
		{7B5C7726-CEB1-41E1-8F2F-6F538C370221}.Debug|x86.Build.0 = Debug|Win32
		{7B5C7726-CEB1-41E1-8F2F-6F538C370221}.Release|x64.ActiveCfg = Release|x64
		{7B5C7726-CEB1-41E1-8F2F-6F538C370221}.Release|x64.Build.0 = Release|x64
		{7B5C7726-CEB1-41E1-8F2F-6F538C370221}.Release|x86.ActiveCfg = Release|Win32
		{7B5C7726-CEB1-41E1-8F2F-6F538C370221}.Release|x86.Build.0 = Release|Win32
		{C8DDF36D-3D4E-4E82-800E-42CFB17ACE77}.Debug|x64.ActiveCfg = Debug|x64
		{C8DDF36D-3D4E-4E82-800E-42CFB17ACE77}.Debug|x64.Build.0 = Debug|x64
		{C8DDF36D-3D4E-4E82-800E-42CFB17ACE77}.Debug|x86.ActiveCfg = Debug|Win32
		{C8DDF36D-3D4E-4E82-800E-42CFB17ACE77}.Debug|x86.Build.0 = Debug|Win32
		{C8DDF36D-3D4E-4E82-800E-42CFB17ACE77}.Release|x64.ActiveCfg = Release|x64
		{C8DDF36D-3D4E-4E82-800E-42CFB17ACE77}.Release|x64.Build.0 = Release|x64
		{C8DDF36D-3D4E-4E82-800E-42CFB17ACE77}.Release|x86.ActiveCfg = Release|Win32
		{C8DDF36D-3D4E-4E82-800E-42CFB17ACE77}.Release|x86.Build.0 = Release|Win32
		{0B36CE12-055C-47A0-9ABC-DF95670CE6C4}.Debug|x64.ActiveCfg = Debug|x64
		{0B36CE12-055C-47A0-9ABC-DF95670CE6C4}.Debug|x64.Build.0 = Debug|x64
		{0B36CE12-055C-47A0-9ABC-DF95670CE6C4}.Debug|x86.ActiveCfg = Debug|Win32
		{0B36CE12-055C-47A0-9ABC-DF95670CE6C4}.Debug|x86.Build.0 = Debug|Win32
		{0B36CE12-055C-47A0-9ABC-DF95670CE6C4}.Release|x64.ActiveCfg = Release|x64
		{0B36CE12-055C-47A0-9ABC-DF95670CE6C4}.Release|x64.Build.0 = Release|x64
		{0B36CE12-055C-47A0-9ABC-DF95670CE6C4}.Release|x86.ActiveCfg = Release|Win32
		{0B36CE12-055C-47A0-9ABC-DF95670CE6C4}.Release|x86.Build.0 = Release|Win32
		{57AF0749-12B0-4654-9C9D-D21E7E0BBC19}.Debug|x64.ActiveCfg = Debug|x64
		{57AF0749-12B0-4654-9C9D-D21E7E0BBC19}.Debug|x64.Build.0 = Debug|x64
		{57AF0749-12B0-4654-9C9D-D21E7E0BBC19}.Debug|x86.ActiveCfg = Debug|Win32
		{57AF0749-12B0-4654-9C9D-D21E7E0BBC19}.Debug|x86.Build.0 = Debug|Win32
		{57AF0749-12B0-4654-9C9D-D21E7E0BBC19}.Release|x64.ActiveCfg = Release|x64
		{57AF0749-12B0-4654-9C9D-D21E7E0BBC19}.Release|x64.Build.0 = Release|x64
		{57AF0749-12B0-4654-9C9D-D21E7E0BBC19}.Release|x86.ActiveCfg = Release|Win32
		{57AF0749-12B0-4654-9C9D-D21E7E0BBC19}.Release|x86.Build.0 = Release|Win32
		{9CCCD072-97DD-4625-AA3D-C753F7D7F25B}.Debug|x64.ActiveCfg = Debug|x64
		{9CCCD072-97DD-4625-AA3D-C753F7D7F25B}.Debug|x64.Build.0 = Debug|x64
		{9CCCD072-97DD-4625-AA3D-C753F7D7F25B}.Debug|x86.ActiveCfg = Debug|Win32
		{9CCCD072-97DD-4625-AA3D-C753F7D7F25B}.Debug|x86.Build.0 = Debug|Win32
		{9CCCD072-97DD-4625-AA3D-C753F7D7F25B}.Release|x64.ActiveCfg = Release|x64
		{9CCCD072-97DD-4625-AA3D-C753F7D7F25B}.Release|x64.Build.0 = Release|x64
		{9CCCD072-97DD-4625-AA3D-C753F7D7F25B}.Release|x86.ActiveCfg = Release|Win32
		{9CCCD072-97DD-4625-AA3D-C753F7D7F25B}.Release|x86.Build.0 = Release|Win32
		{C680CC9E-371F-492F-9CC0-3AFD821454A0}.Debug|x64.ActiveCfg = Debug|x64
		{C680CC9E-371F-492F-9CC0-3AFD821454A0}.Debug|x64.Build.0 = Debug|x64
		{C680CC9E-371F-492F-9CC0-3AFD821454A0}.Debug|x86.ActiveCfg = Debug|Win32
		{C680CC9E-371F-492F-9CC0-3AFD821454A0}.Debug|x86.Build.0 = Debug|Win32
		{C680CC9E-371F-492F-9CC0-3AFD821454A0}.Release|x64.ActiveCfg = Release|x64
		{C680CC9E-371F-492F-9CC0-3AFD821454A0}.Release|x64.Build.0 = Release|x64
		{C680CC9E-371F-492F-9CC0-3AFD821454A0}.Release|x86.ActiveCfg = Release|Win32
		{C680CC9E-371F-492F-9CC0-3AFD821454A0}.Release|x86.Build.0 = Release|Win32
		{35F441B0-6461-4FB1-A520-75FB6C184CBA}.Debug|x64.ActiveCfg = Debug|x64
		{35F441B0-6461-4FB1-A520-75FB6C184CBA}.Debug|x64.Build.0 = Debug|x64
		{35F441B0-6461-4FB1-A520-75FB6C184CBA}.Debug|x86.ActiveCfg = Debug|Win32
		{35F441B0-6461-4FB1-A520-75FB6C184CBA}.Debug|x86.Build.0 = Debug|Win32
		{35F441B0-6461-4FB1-A520-75FB6C184CBA}.Release|x64.ActiveCfg = Release|x64
		{35F441B0-6461-4FB1-A520-75FB6C184CBA}.Release|x64.Build.0 = Release|x64
		{35F441B0-6461-4FB1-A520-75FB6C184CBA}.Release|x86.ActiveCfg = Release|Win32
		{35F441B0-6461-4FB1-A520-75FB6C184CBA}.Release|x86.Build.0 = Release|Win32
		{653662AA-0D11-4164-99CF-656ED7FAA309}.Debug|x64.ActiveCfg = Debug|x64
		{653662AA-0D11-4164-99CF-656ED7FAA309}.Debug|x64.Build.0 = Debug|x64
		{653662AA-0D11-4164-99CF-656ED7FAA309}.Debug|x86.ActiveCfg = Debug|Win32
		{653662AA-0D11-4164-99CF-656ED7FAA309}.Debug|x86.Build.0 = Debug|Win32
		{653662AA-0D11-4164-99CF-656ED7FAA309}.Release|x64.ActiveCfg = Release|x64
		{653662AA-0D11-4164-99CF-656ED7FAA309}.Release|x64.Build.0 = Release|x64
		{653662AA-0D11-4164-99CF-656ED7FAA309}.Release|x86.ActiveCfg = Release|Win32
		{653662AA-0D11-4164-99CF-656ED7FAA309}.Release|x86.Build.0 = Release|Win32
		{52881E94-1BA7-4544-A784-3ECB577BED5D}.Debug|x64.ActiveCfg = Debug|x64
		{52881E94-1BA7-4544-A784-3ECB577BED5D}.Debug|x64.Build.0 = Debug|x64
		{52881E94-1BA7-4544-A784-3ECB577BED5D}.Debug|x86.ActiveCfg = Debug|Win32
		{52881E94-1BA7-4544-A784-3ECB577BED5D}.Debug|x86.Build.0 = Debug|Win32
		{52881E94-1BA7-4544-A784-3ECB577BED5D}.Release|x64.ActiveCfg = Release|x64
		{52881E94-1BA7-4544-A784-3ECB577BED5D}.Release|x64.Build.0 = Release|x64
		{52881E94-1BA7-4544-A784-3ECB577BED5D}.Release|x86.ActiveCfg = Release|Win32
		{52881E94-1BA7-4544-A784-3ECB577BED5D}.Release|x86.Build.0 = Release|Win32
		{C411B5E9-1194-444E-8A68-48DE4C5FED44}.Debug|x64.ActiveCfg = Debug|x64
		{C411B5E9-1194-444E-8A68-48DE4C5FED44}.Debug|x64.Build.0 = Debug|x64
		{C411B5E9-1194-444E-8A68-48DE4C5FED44}.Debug|x86.ActiveCfg = Debug|Win32
		{C411B5E9-1194-444E-8A68-48DE4C5FED44}.Debug|x86.Build.0 = Debug|Win32
		{C411B5E9-1194-444E-8A68-48DE4C5FED44}.Release|x64.ActiveCfg = Release|x64
		{C411B5E9-1194-444E-8A68-48DE4C5FED44}.Release|x64.Build.0 = Release|x64
		{C411B5E9-1194-444E-8A68-48DE4C5FED44}.Release|x86.ActiveCfg = Release|Win32
		{C411B5E9-1194-444E-8A68-48DE4C5FED44}.Release|x86.Build.0 = Release|Win32
		{02D4A08C-B62C-4791-9306-C7518AD04A09}.Debug|x64.ActiveCfg = Debug|x64
		{02D4A08C-B62C-4791-9306-C7518AD04A09}.Debug|x64.Build.0 = Debug|x64
		{02D4A08C-B62C-4791-9306-C7518AD04A09}.Debug|x86.ActiveCfg = Debug|Win32
		{02D4A08C-B62C-4791-9306-C7518AD04A09}.Debug|x86.Build.0 = Debug|Win32
		{02D4A08C-B62C-4791-9306-C7518AD04A09}.Release|x64.ActiveCfg = Release|x64
		{02D4A08C-B62C-4791-9306-C7518AD04A09}.Release|x64.Build.0 = Release|x64
		{02D4A08C-B62C-4791-9306-C7518AD04A09}.Release|x86.ActiveCfg = Release|Win32
		{02D4A08C-B62C-4791-9306-C7518AD04A09}.Release|x86.Build.0 = Release|Win32
		{8C1CCFF7-A123-4578-AB2B-7939548DDDEA}.Debug|x64.ActiveCfg = Debug|x64
		{8C1CCFF7-A123-4578-AB2B-7939548DDDEA}.Debug|x64.Build.0 = Debug|x64
		{8C1CCFF7-A123-4578-AB2B-7939548DDDEA}.Debug|x86.ActiveCfg = Debug|Win32
		{8C1CCFF7-A123-4578-AB2B-7939548DDDEA}.Debug|x86.Build.0 = Debug|Win32
		{8C1CCFF7-A123-4578-AB2B-7939548DDDEA}.Release|x64.ActiveCfg = Release|x64
		{8C1CCFF7-A123-4578-AB2B-7939548DDDEA}.Release|x64.Build.0 = Release|x64
		{8C1CCFF7-A123-4578-AB2B-7939548DDDEA}.Release|x86.ActiveCfg = Release|Win32
		{8C1CCFF7-A123-4578-AB2B-7939548DDDEA}.Release|x86.Build.0 = Release|Win32
		{F19218DE-6EB9-4C74-8775-9F6D166BA122}.Debug|x64.ActiveCfg = Debug|x64
		{F19218DE-6EB9-4C74-8775-9F6D166BA122}.Debug|x64.Build.0 = Debug|x64
		{F19218DE-6EB9-4C74-8775-9F6D166BA122}.Debug|x86.ActiveCfg = Debug|Win32
		{F19218DE-6EB9-4C74-8775-9F6D166BA122}.Debug|x86.Build.0 = Debug|Win32
		{F19218DE-6EB9-4C74-8775-9F6D166BA122}.Release|x64.ActiveCfg = Release|x64
		{F19218DE-6EB9-4C74-8775-9F6D166BA122}.Release|x64.Build.0 = Release|x64
		{F19218DE-6EB9-4C74-8775-9F6D166BA122}.Release|x86.ActiveCfg = Release|Win32
		{F19218DE-6EB9-4C74-8775-9F6D166BA122}.Release|x86.Build.0 = Release|Win32
		{AECF3648-BCC1-45D5-BA66-FFE84D5CCF89}.Debug|x64.ActiveCfg = Debug|x64
		{AECF3648-BCC1-45D5-BA66-FFE84D5CCF89}.Debug|x64.Build.0 = Debug|x64
		{AECF3648-BCC1-45D5-BA66-FFE84D5CCF89}.Debug|x86.ActiveCfg = Debug|Win32
		{AECF3648-BCC1-45D5-BA66-FFE84D5CCF89}.Debug|x86.Build.0 = Debug|Win32
		{AECF3648-BCC1-45D5-BA66-FFE84D5CCF89}.Release|x64.ActiveCfg = Release|x64
		{AECF3648-BCC1-45D5-BA66-FFE84D5CCF89}.Release|x64.Build.0 = Release|x64
		{AECF3648-BCC1-45D5-BA66-FFE84D5CCF89}.Release|x86.ActiveCfg = Release|Win32
		{AECF3648-BCC1-45D5-BA66-FFE84D5CCF89}.Release|x86.Build.0 = Release|Win32
		{14295349-7EB6-46A3-9F5B-7D74B7B4738B}.Debug|x64.ActiveCfg = Debug|x64
		{14295349-7EB6-46A3-9F5B-7D74B7B4738B}.Debug|x64.Build.0 = Debug|x64
		{14295349-7EB6-46A3-9F5B-7D74B7B4738B}.Debug|x86.ActiveCfg = Debug|Win32
		{14295349-7EB6-46A3-9F5B-7D74B7B4738B}.Debug|x86.Build.0 = Debug|Win32
		{14295349-7EB6-46A3-9F5B-7D74B7B4738B}.Release|x64.ActiveCfg = Release|x64
		{14295349-7EB6-46A3-9F5B-7D74B7B4738B}.Release|x64.Build.0 = Release|x64
		{14295349-7EB6-46A3-9F5B-7D74B7B4738B}.Release|x86.ActiveCfg = Release|Win32
		{14295349-7EB6-46A3-9F5B-7D74B7B4738B}.Release|x86.Build.0 = Release|Win32
		{388AA72B-B2E6-4FEE-9431-0EC4CFB0C964}.Debug|x64.ActiveCfg = Debug|x64
		{388AA72B-B2E6-4FEE-9431-0EC4CFB0C964}.Debug|x64.Build.0 = Debug|x64
		{388AA72B-B2E6-4FEE-9431-0EC4CFB0C964}.Debug|x86.ActiveCfg = Debug|Win32
		{388AA72B-B2E6-4FEE-9431-0EC4CFB0C964}.Debug|x86.Build.0 = Debug|Win32
		{388AA72B-B2E6-4FEE-9431-0EC4CFB0C964}.Release|x64.ActiveCfg = Release|x64
		{388AA72B-B2E6-4FEE-9431-0EC4CFB0C964}.Release|x64.Build.0 = Release|x64
		{388AA72B-B2E6-4FEE-9431-0EC4CFB0C964}.Release|x86.ActiveCfg = Release|Win32
		{388AA72B-B2E6-4FEE-9431-0EC4CFB0C964}.Release|x86.Build.0 = Release|Win32
		{EA2A21B6-5504-45D5-88D4-034B6EB8D7C1}.Debug|x64.ActiveCfg = Debug|x64
		{EA2A21B6-5504-45D5-88D4-034B6EB8D7C1}.Debug|x64.Build.0 = Debug|x64
		{EA2A21B6-5504-45D5-88D4-034B6EB8D7C1}.Debug|x86.ActiveCfg = Debug|Win32
		{EA2A21B6-5504-45D5-88D4-034B6EB8D7C1}.Debug|x86.Build.0 = Debug|Win32
		{EA2A21B6-5504-45D5-88D4-034B6EB8D7C1}.Release|x64.ActiveCfg = Release|x64
		{EA2A21B6-5504-45D5-88D4-034B6EB8D7C1}.Release|x64.Build.0 = Release|x64
		{EA2A21B6-5504-45D5-88D4-034B6EB8D7C1}.Release|x86.ActiveCfg = Release|Win32
		{EA2A21B6-5504-45D5-88D4-034B6EB8D7C1}.Release|x86.Build.0 = Release|Win32
		{8C7B18C6-E8DC-43B1-8A54-2812E8D10E22}.Debug|x64.ActiveCfg = Debug|x64
		{8C7B18C6-E8DC-43B1-8A54-2812E8D10E22}.Debug|x64.Build.0 = Debug|x64
		{8C7B18C6-E8DC-43B1-8A54-2812E8D10E22}.Debug|x86.ActiveCfg = Debug|Win32
		{8C7B18C6-E8DC-43B1-8A54-2812E8D10E22}.Debug|x86.Build.0 = Debug|Win32
		{8C7B18C6-E8DC-43B1-8A54-2812E8D10E22}.Release|x64.ActiveCfg = Release|x64
		{8C7B18C6-E8DC-43B1-8A54-2812E8D10E22}.Release|x64.Build.0 = Release|x64
		{8C7B18C6-E8DC-43B1-8A54-2812E8D10E22}.Release|x86.ActiveCfg = Release|Win32
		{8C7B18C6-E8DC-43B1-8A54-2812E8D10E22}.Release|x86.Build.0 = Release|Win32
		{DA326785-ED9E-408C-937E-19662E8DCF17}.Debug|x64.ActiveCfg = Debug|x64
		{DA326785-ED9E-408C-937E-19662E8DCF17}.Debug|x64.Build.0 = Debug|x64
		{DA326785-ED9E-408C-937E-19662E8DCF17}.Debug|x86.ActiveCfg = Debug|Win32
		{DA326785-ED9E-408C-937E-19662E8DCF17}.Debug|x86.Build.0 = Debug|Win32
		{DA326785-ED9E-408C-937E-19662E8DCF17}.Release|x64.ActiveCfg = Release|x64
		{DA326785-ED9E-408C-937E-19662E8DCF17}.Release|x64.Build.0 = Release|x64
		{DA326785-ED9E-408C-937E-19662E8DCF17}.Release|x86.ActiveCfg = Release|Win32
		{DA326785-ED9E-408C-937E-19662E8DCF17}.Release|x86.Build.0 = Release|Win32
		{3914AEAF-4402-482C-8E51-F98212089DD0}.Debug|x64.ActiveCfg = Debug|x64
		{3914AEAF-4402-482C-8E51-F98212089DD0}.Debug|x64.Build.0 = Debug|x64
		{3914AEAF-4402-482C-8E51-F98212089DD0}.Debug|x86.ActiveCfg = Debug|Win32
		{3914AEAF-4402-482C-8E51-F98212089DD0}.Debug|x86.Build.0 = Debug|Win32
		{3914AEAF-4402-482C-8E51-F98212089DD0}.Release|x64.ActiveCfg = Release|x64
		{3914AEAF-4402-482C-8E51-F98212089DD0}.Release|x64.Build.0 = Release|x64
		{3914AEAF-4402-482C-8E51-F98212089DD0}.Release|x86.ActiveCfg = Release|Win32
		{3914AEAF-4402-482C-8E51-F98212089DD0}.Release|x86.Build.0 = Release|Win32
		{47352791-0963-47D8-9F4D-59BEB454BEA5}.Debug|x64.ActiveCfg = Debug|x64
		{47352791-0963-47D8-9F4D-59BEB454BEA5}.Debug|x64.Build.0 = Debug|x64
		{47352791-0963-47D8-9F4D-59BEB454BEA5}.Debug|x86.ActiveCfg = Debug|Win32
		{47352791-0963-47D8-9F4D-59BEB454BEA5}.Debug|x86.Build.0 = Debug|Win32
		{47352791-0963-47D8-9F4D-59BEB454BEA5}.Release|x64.ActiveCfg = Release|x64
		{47352791-0963-47D8-9F4D-59BEB454BEA5}.Release|x64.Build.0 = Release|x64
		{47352791-0963-47D8-9F4D-59BEB454BEA5}.Release|x86.ActiveCfg = Release|Win32
		{47352791-0963-47D8-9F4D-59BEB454BEA5}.Release|x86.Build.0 = Release|Win32
		{020A55C4-C7FE-4758-AAF1-8CBD2D2010F5}.Debug|x64.ActiveCfg = Debug|x64
		{020A55C4-C7FE-4758-AAF1-8CBD2D2010F5}.Debug|x64.Build.0 = Debug|x64
		{020A55C4-C7FE-4758-AAF1-8CBD2D2010F5}.Debug|x86.ActiveCfg = Debug|Win32
		{020A55C4-C7FE-4758-AAF1-8CBD2D2010F5}.Debug|x86.Build.0 = Debug|Win32
		{020A55C4-C7FE-4758-AAF1-8CBD2D2010F5}.Release|x64.ActiveCfg = Release|x64
		{020A55C4-C7FE-4758-AAF1-8CBD2D2010F5}.Release|x64.Build.0 = Release|x64
		{020A55C4-C7FE-4758-AAF1-8CBD2D2010F5}.Release|x86.ActiveCfg = Release|Win32
		{020A55C4-C7FE-4758-AAF1-8CBD2D2010F5}.Release|x86.Build.0 = Release|Win32
		{116F3A90-EB8A-4D5A-932C-BE5C73C670C3}.Debug|x64.ActiveCfg = Debug|x64
		{116F3A90-EB8A-4D5A-932C-BE5C73C670C3}.Debug|x64.Build.0 = Debug|x64
		{116F3A90-EB8A-4D5A-932C-BE5C73C670C3}.Debug|x86.ActiveCfg = Debug|Win32
		{116F3A90-EB8A-4D5A-932C-BE5C73C670C3}.Debug|x86.Build.0 = Debug|Win32
		{116F3A90-EB8A-4D5A-932C-BE5C73C670C3}.Release|x64.ActiveCfg = Release|x64
		{116F3A90-EB8A-4D5A-932C-BE5C73C670C3}.Release|x64.Build.0 = Release|x64
		{116F3A90-EB8A-4D5A-932C-BE5C73C670C3}.Release|x86.ActiveCfg = Release|Win32
		{116F3A90-EB8A-4D5A-932C-BE5C73C670C3}.Release|x86.Build.0 = Release|Win32
		{7EA880F1-5A07-464C-81FB-602F2ADAFB93}.Debug|x64.ActiveCfg = Debug|x64
		{7EA880F1-5A07-464C-81FB-602F2ADAFB93}.Debug|x64.Build.0 = Debug|x64
		{7EA880F1-5A07-464C-81FB-602F2ADAFB93}.Debug|x86.ActiveCfg = Debug|Win32
		{7EA880F1-5A07-464C-81FB-602F2ADAFB93}.Debug|x86.Build.0 = Debug|Win32
		{7EA880F1-5A07-464C-81FB-602F2ADAFB93}.Release|x64.ActiveCfg = Release|x64
		{7EA880F1-5A07-464C-81FB-602F2ADAFB93}.Release|x64.Build.0 = Release|x64
		{7EA880F1-5A07-464C-81FB-602F2ADAFB93}.Release|x86.ActiveCfg = Release|Win32
		{7EA880F1-5A07-464C-81FB-602F2ADAFB93}.Release|x86.Build.0 = Release|Win32
	EndGlobalSection
	GlobalSection(SolutionProperties) = preSolution
		HideSolutionNode = FALSE
	EndGlobalSection
	GlobalSection(NestedProjects) = preSolution
		{952045BC-F6A1-405E-99D0-9899E6D7CFBF} = {C308F213-DB45-44BD-936C-9CB321B3B1E3}
		{CF278416-E153-4484-B82C-24F0603F2923} = {C308F213-DB45-44BD-936C-9CB321B3B1E3}
		{B336EBED-4A36-416C-82CF-007F3256790D} = {C308F213-DB45-44BD-936C-9CB321B3B1E3}
		{0857B58B-6640-444C-94F6-A022E735B008} = {C308F213-DB45-44BD-936C-9CB321B3B1E3}
		{725DB478-7980-4640-9BF6-CBABFEF870B7} = {C308F213-DB45-44BD-936C-9CB321B3B1E3}
		{47B48173-356B-47F8-8026-ED1E765727BB} = {DF5803E6-7A3E-4C03-9513-4E40288ECC05}
		{1765A130-AE36-4E76-B76C-DC71CF0397FF} = {DF5803E6-7A3E-4C03-9513-4E40288ECC05}
		{D62BBD06-B351-480E-B533-226029BD4AB7} = {DF5803E6-7A3E-4C03-9513-4E40288ECC05}
		{4860327C-3710-4E8E-ADEB-0E04A2C8C79B} = {DF5803E6-7A3E-4C03-9513-4E40288ECC05}
		{86112414-7001-470F-AF01-25EB09AE4F54} = {DF5803E6-7A3E-4C03-9513-4E40288ECC05}
		{D78D8699-30B1-4914-9E22-7A64A8F0923A} = {3F036364-6C00-446C-803B-099853E29A63}
		{C308F213-DB45-44BD-936C-9CB321B3B1E3} = {3F036364-6C00-446C-803B-099853E29A63}
		{DF5803E6-7A3E-4C03-9513-4E40288ECC05} = {3F036364-6C00-446C-803B-099853E29A63}
		{56811EBE-9777-4B2C-9541-8C29BA45C74E} = {D78D8699-30B1-4914-9E22-7A64A8F0923A}
		{D01C3C2F-77C3-4ACA-B79D-AD4316041C95} = {D78D8699-30B1-4914-9E22-7A64A8F0923A}
		{34670326-E5F1-49D3-8448-CBFEA26FB5DB} = {D78D8699-30B1-4914-9E22-7A64A8F0923A}
		{F9FAF570-EDA6-4331-B5F3-85EC892BE44F} = {D78D8699-30B1-4914-9E22-7A64A8F0923A}
		{7B5C7726-CEB1-41E1-8F2F-6F538C370221} = {D78D8699-30B1-4914-9E22-7A64A8F0923A}
		{BACF3EA4-4A5E-429F-B8C9-C35915FCDC0D} = {3F036364-6C00-446C-803B-099853E29A63}
		{C8DDF36D-3D4E-4E82-800E-42CFB17ACE77} = {BACF3EA4-4A5E-429F-B8C9-C35915FCDC0D}
		{0B36CE12-055C-47A0-9ABC-DF95670CE6C4} = {BACF3EA4-4A5E-429F-B8C9-C35915FCDC0D}
		{57AF0749-12B0-4654-9C9D-D21E7E0BBC19} = {BACF3EA4-4A5E-429F-B8C9-C35915FCDC0D}
		{9CCCD072-97DD-4625-AA3D-C753F7D7F25B} = {BACF3EA4-4A5E-429F-B8C9-C35915FCDC0D}
		{C680CC9E-371F-492F-9CC0-3AFD821454A0} = {BACF3EA4-4A5E-429F-B8C9-C35915FCDC0D}
		{42D896F5-BFF6-47B4-9004-BAD5B7FAD902} = {3F036364-6C00-446C-803B-099853E29A63}
		{35F441B0-6461-4FB1-A520-75FB6C184CBA} = {42D896F5-BFF6-47B4-9004-BAD5B7FAD902}
		{653662AA-0D11-4164-99CF-656ED7FAA309} = {42D896F5-BFF6-47B4-9004-BAD5B7FAD902}
		{52881E94-1BA7-4544-A784-3ECB577BED5D} = {42D896F5-BFF6-47B4-9004-BAD5B7FAD902}
		{C411B5E9-1194-444E-8A68-48DE4C5FED44} = {42D896F5-BFF6-47B4-9004-BAD5B7FAD902}
		{02D4A08C-B62C-4791-9306-C7518AD04A09} = {42D896F5-BFF6-47B4-9004-BAD5B7FAD902}
		{2F661F48-BD07-4D8B-BE7C-43701099F64B} = {3F036364-6C00-446C-803B-099853E29A63}
		{8C1CCFF7-A123-4578-AB2B-7939548DDDEA} = {2F661F48-BD07-4D8B-BE7C-43701099F64B}
		{F19218DE-6EB9-4C74-8775-9F6D166BA122} = {2F661F48-BD07-4D8B-BE7C-43701099F64B}
		{AECF3648-BCC1-45D5-BA66-FFE84D5CCF89} = {2F661F48-BD07-4D8B-BE7C-43701099F64B}
		{14295349-7EB6-46A3-9F5B-7D74B7B4738B} = {2F661F48-BD07-4D8B-BE7C-43701099F64B}
		{388AA72B-B2E6-4FEE-9431-0EC4CFB0C964} = {2F661F48-BD07-4D8B-BE7C-43701099F64B}
		{80B3EC87-0CA1-4E6F-A9A0-3C67AB986C43} = {3F036364-6C00-446C-803B-099853E29A63}
		{EA2A21B6-5504-45D5-88D4-034B6EB8D7C1} = {80B3EC87-0CA1-4E6F-A9A0-3C67AB986C43}
		{8C7B18C6-E8DC-43B1-8A54-2812E8D10E22} = {80B3EC87-0CA1-4E6F-A9A0-3C67AB986C43}
		{DA326785-ED9E-408C-937E-19662E8DCF17} = {80B3EC87-0CA1-4E6F-A9A0-3C67AB986C43}
		{3914AEAF-4402-482C-8E51-F98212089DD0} = {80B3EC87-0CA1-4E6F-A9A0-3C67AB986C43}
		{47352791-0963-47D8-9F4D-59BEB454BEA5} = {80B3EC87-0CA1-4E6F-A9A0-3C67AB986C43}
		{77073FF4-F939-4B42-86E3-45BEB2E080A7} = {3F036364-6C00-446C-803B-099853E29A63}
		{020A55C4-C7FE-4758-AAF1-8CBD2D2010F5} = {77073FF4-F939-4B42-86E3-45BEB2E080A7}
		{116F3A90-EB8A-4D5A-932C-BE5C73C670C3} = {77073FF4-F939-4B42-86E3-45BEB2E080A7}
		{7EA880F1-5A07-464C-81FB-602F2ADAFB93} = {77073FF4-F939-4B42-86E3-45BEB2E080A7}
	EndGlobalSection
	GlobalSection(ExtensibilityGlobals) = postSolution
		SolutionGuid = {AC4549F9-D65D-4470-92FC-9008C25A73B9}
	EndGlobalSection
EndGlobal
