
Microsoft Visual Studio Solution File, Format Version 12.00
# Visual Studio Version 16
VisualStudioVersion = 16.0.30523.141
MinimumVisualStudioVersion = 10.0.40219.1
Project("{2150E333-8FDC-42A3-9474-1A3956D46DE8}") = "1_semestr", "1_semestr", "{3F036364-6C00-446C-803B-099853E29A63}"
EndProject
Project("{8BC9CEB8-8B4A-11D0-8D11-00A0C91BC942}") = "Labaratorna_1_1", "Labaratorna_1_1\Labaratorna_1_1.vcxproj", "{952045BC-F6A1-405E-99D0-9899E6D7CFBF}"
EndProject
Project("{8BC9CEB8-8B4A-11D0-8D11-00A0C91BC942}") = "Labaratorna_1_2", "Labaratorna_1_2\Labaratorna_1_2.vcxproj", "{CF278416-E153-4484-B82C-24F0603F2923}"
EndProject
Project("{8BC9CEB8-8B4A-11D0-8D11-00A0C91BC942}") = "Labaratorna_1_3", "Laboratorna_1_3\Laboratorna_1_3.vcxproj", "{B336EBED-4A36-416C-82CF-007F3256790D}"
EndProject
Project("{8BC9CEB8-8B4A-11D0-8D11-00A0C91BC942}") = "Labaratorna_1_4", "Laboratorna_1_4\Laboratorna_1_4.vcxproj", "{0857B58B-6640-444C-94F6-A022E735B008}"
EndProject
Project("{8BC9CEB8-8B4A-11D0-8D11-00A0C91BC942}") = "Labaratorna_1_5", "Labaratorna_1_5\Labaratorna_1_5.vcxproj", "{725DB478-7980-4640-9BF6-CBABFEF870B7}"
EndProject
Project("{8BC9CEB8-8B4A-11D0-8D11-00A0C91BC942}") = "NoTarget(personal_use)", "NoTarget(personal_use)\NoTarget(personal_use).vcxproj", "{B39FB679-A3A6-461A-9F2E-171573E0E862}"
EndProject
Project("{8BC9CEB8-8B4A-11D0-8D11-00A0C91BC942}") = "Labaratorna_2_1", "Labaratorna_2_1\Labaratorna_2_1.vcxproj", "{47B48173-356B-47F8-8026-ED1E765727BB}"
EndProject
Project("{8BC9CEB8-8B4A-11D0-8D11-00A0C91BC942}") = "Labaratorna_2_2", "Labaratorna_2_2\Labaratorna_2_2.vcxproj", "{1765A130-AE36-4E76-B76C-DC71CF0397FF}"
EndProject
Project("{8BC9CEB8-8B4A-11D0-8D11-00A0C91BC942}") = "Labaratorna_2_3", "Labaratorna_2_3\Labaratorna_2_3.vcxproj", "{D62BBD06-B351-480E-B533-226029BD4AB7}"
EndProject
Project("{8BC9CEB8-8B4A-11D0-8D11-00A0C91BC942}") = "Labaratorna_2_5", "Labaratorna_2_5\Labaratorna_2_5.vcxproj", "{4860327C-3710-4E8E-ADEB-0E04A2C8C79B}"
EndProject
Project("{8BC9CEB8-8B4A-11D0-8D11-00A0C91BC942}") = "Labaratorna_2_4", "Labaratorna_2_4\Labaratorna_2_4.vcxproj", "{86112414-7001-470F-AF01-25EB09AE4F54}"
EndProject
Global
	GlobalSection(SolutionConfigurationPlatforms) = preSolution
		Debug|x64 = Debug|x64
		Debug|x86 = Debug|x86
		Release|x64 = Release|x64
		Release|x86 = Release|x86
	EndGlobalSection
	GlobalSection(ProjectConfigurationPlatforms) = postSolution
		{952045BC-F6A1-405E-99D0-9899E6D7CFBF}.Debug|x64.ActiveCfg = Debug|x64
		{952045BC-F6A1-405E-99D0-9899E6D7CFBF}.Debug|x64.Build.0 = Debug|x64
		{952045BC-F6A1-405E-99D0-9899E6D7CFBF}.Debug|x86.ActiveCfg = Debug|Win32
		{952045BC-F6A1-405E-99D0-9899E6D7CFBF}.Debug|x86.Build.0 = Debug|Win32
		{952045BC-F6A1-405E-99D0-9899E6D7CFBF}.Release|x64.ActiveCfg = Release|x64
		{952045BC-F6A1-405E-99D0-9899E6D7CFBF}.Release|x64.Build.0 = Release|x64
		{952045BC-F6A1-405E-99D0-9899E6D7CFBF}.Release|x86.ActiveCfg = Release|Win32
		{952045BC-F6A1-405E-99D0-9899E6D7CFBF}.Release|x86.Build.0 = Release|Win32
		{CF278416-E153-4484-B82C-24F0603F2923}.Debug|x64.ActiveCfg = Debug|x64
		{CF278416-E153-4484-B82C-24F0603F2923}.Debug|x64.Build.0 = Debug|x64
		{CF278416-E153-4484-B82C-24F0603F2923}.Debug|x86.ActiveCfg = Debug|Win32
		{CF278416-E153-4484-B82C-24F0603F2923}.Debug|x86.Build.0 = Debug|Win32
		{CF278416-E153-4484-B82C-24F0603F2923}.Release|x64.ActiveCfg = Release|x64
		{CF278416-E153-4484-B82C-24F0603F2923}.Release|x64.Build.0 = Release|x64
		{CF278416-E153-4484-B82C-24F0603F2923}.Release|x86.ActiveCfg = Release|Win32
		{CF278416-E153-4484-B82C-24F0603F2923}.Release|x86.Build.0 = Release|Win32
		{B336EBED-4A36-416C-82CF-007F3256790D}.Debug|x64.ActiveCfg = Debug|x64
		{B336EBED-4A36-416C-82CF-007F3256790D}.Debug|x64.Build.0 = Debug|x64
		{B336EBED-4A36-416C-82CF-007F3256790D}.Debug|x86.ActiveCfg = Debug|Win32
		{B336EBED-4A36-416C-82CF-007F3256790D}.Debug|x86.Build.0 = Debug|Win32
		{B336EBED-4A36-416C-82CF-007F3256790D}.Release|x64.ActiveCfg = Release|x64
		{B336EBED-4A36-416C-82CF-007F3256790D}.Release|x64.Build.0 = Release|x64
		{B336EBED-4A36-416C-82CF-007F3256790D}.Release|x86.ActiveCfg = Release|Win32
		{B336EBED-4A36-416C-82CF-007F3256790D}.Release|x86.Build.0 = Release|Win32
		{0857B58B-6640-444C-94F6-A022E735B008}.Debug|x64.ActiveCfg = Debug|x64
		{0857B58B-6640-444C-94F6-A022E735B008}.Debug|x64.Build.0 = Debug|x64
		{0857B58B-6640-444C-94F6-A022E735B008}.Debug|x86.ActiveCfg = Debug|Win32
		{0857B58B-6640-444C-94F6-A022E735B008}.Debug|x86.Build.0 = Debug|Win32
		{0857B58B-6640-444C-94F6-A022E735B008}.Release|x64.ActiveCfg = Release|x64
		{0857B58B-6640-444C-94F6-A022E735B008}.Release|x64.Build.0 = Release|x64
		{0857B58B-6640-444C-94F6-A022E735B008}.Release|x86.ActiveCfg = Release|Win32
		{0857B58B-6640-444C-94F6-A022E735B008}.Release|x86.Build.0 = Release|Win32
		{725DB478-7980-4640-9BF6-CBABFEF870B7}.Debug|x64.ActiveCfg = Debug|x64
		{725DB478-7980-4640-9BF6-CBABFEF870B7}.Debug|x64.Build.0 = Debug|x64
		{725DB478-7980-4640-9BF6-CBABFEF870B7}.Debug|x86.ActiveCfg = Debug|Win32
		{725DB478-7980-4640-9BF6-CBABFEF870B7}.Debug|x86.Build.0 = Debug|Win32
		{725DB478-7980-4640-9BF6-CBABFEF870B7}.Release|x64.ActiveCfg = Release|x64
		{725DB478-7980-4640-9BF6-CBABFEF870B7}.Release|x64.Build.0 = Release|x64
		{725DB478-7980-4640-9BF6-CBABFEF870B7}.Release|x86.ActiveCfg = Release|Win32
		{725DB478-7980-4640-9BF6-CBABFEF870B7}.Release|x86.Build.0 = Release|Win32
		{B39FB679-A3A6-461A-9F2E-171573E0E862}.Debug|x64.ActiveCfg = Debug|x64
		{B39FB679-A3A6-461A-9F2E-171573E0E862}.Debug|x64.Build.0 = Debug|x64
		{B39FB679-A3A6-461A-9F2E-171573E0E862}.Debug|x86.ActiveCfg = Debug|Win32
		{B39FB679-A3A6-461A-9F2E-171573E0E862}.Debug|x86.Build.0 = Debug|Win32
		{B39FB679-A3A6-461A-9F2E-171573E0E862}.Release|x64.ActiveCfg = Release|x64
		{B39FB679-A3A6-461A-9F2E-171573E0E862}.Release|x64.Build.0 = Release|x64
		{B39FB679-A3A6-461A-9F2E-171573E0E862}.Release|x86.ActiveCfg = Release|Win32
		{B39FB679-A3A6-461A-9F2E-171573E0E862}.Release|x86.Build.0 = Release|Win32
		{47B48173-356B-47F8-8026-ED1E765727BB}.Debug|x64.ActiveCfg = Debug|x64
		{47B48173-356B-47F8-8026-ED1E765727BB}.Debug|x64.Build.0 = Debug|x64
		{47B48173-356B-47F8-8026-ED1E765727BB}.Debug|x86.ActiveCfg = Debug|Win32
		{47B48173-356B-47F8-8026-ED1E765727BB}.Debug|x86.Build.0 = Debug|Win32
		{47B48173-356B-47F8-8026-ED1E765727BB}.Release|x64.ActiveCfg = Release|x64
		{47B48173-356B-47F8-8026-ED1E765727BB}.Release|x64.Build.0 = Release|x64
		{47B48173-356B-47F8-8026-ED1E765727BB}.Release|x86.ActiveCfg = Release|Win32
		{47B48173-356B-47F8-8026-ED1E765727BB}.Release|x86.Build.0 = Release|Win32
		{1765A130-AE36-4E76-B76C-DC71CF0397FF}.Debug|x64.ActiveCfg = Debug|x64
		{1765A130-AE36-4E76-B76C-DC71CF0397FF}.Debug|x64.Build.0 = Debug|x64
		{1765A130-AE36-4E76-B76C-DC71CF0397FF}.Debug|x86.ActiveCfg = Debug|Win32
		{1765A130-AE36-4E76-B76C-DC71CF0397FF}.Debug|x86.Build.0 = Debug|Win32
		{1765A130-AE36-4E76-B76C-DC71CF0397FF}.Release|x64.ActiveCfg = Release|x64
		{1765A130-AE36-4E76-B76C-DC71CF0397FF}.Release|x64.Build.0 = Release|x64
		{1765A130-AE36-4E76-B76C-DC71CF0397FF}.Release|x86.ActiveCfg = Release|Win32
		{1765A130-AE36-4E76-B76C-DC71CF0397FF}.Release|x86.Build.0 = Release|Win32
		{D62BBD06-B351-480E-B533-226029BD4AB7}.Debug|x64.ActiveCfg = Debug|x64
		{D62BBD06-B351-480E-B533-226029BD4AB7}.Debug|x64.Build.0 = Debug|x64
		{D62BBD06-B351-480E-B533-226029BD4AB7}.Debug|x86.ActiveCfg = Debug|Win32
		{D62BBD06-B351-480E-B533-226029BD4AB7}.Debug|x86.Build.0 = Debug|Win32
		{D62BBD06-B351-480E-B533-226029BD4AB7}.Release|x64.ActiveCfg = Release|x64
		{D62BBD06-B351-480E-B533-226029BD4AB7}.Release|x64.Build.0 = Release|x64
		{D62BBD06-B351-480E-B533-226029BD4AB7}.Release|x86.ActiveCfg = Release|Win32
		{D62BBD06-B351-480E-B533-226029BD4AB7}.Release|x86.Build.0 = Release|Win32
		{4860327C-3710-4E8E-ADEB-0E04A2C8C79B}.Debug|x64.ActiveCfg = Debug|x64
		{4860327C-3710-4E8E-ADEB-0E04A2C8C79B}.Debug|x64.Build.0 = Debug|x64
		{4860327C-3710-4E8E-ADEB-0E04A2C8C79B}.Debug|x86.ActiveCfg = Debug|Win32
		{4860327C-3710-4E8E-ADEB-0E04A2C8C79B}.Debug|x86.Build.0 = Debug|Win32
		{4860327C-3710-4E8E-ADEB-0E04A2C8C79B}.Release|x64.ActiveCfg = Release|x64
		{4860327C-3710-4E8E-ADEB-0E04A2C8C79B}.Release|x64.Build.0 = Release|x64
		{4860327C-3710-4E8E-ADEB-0E04A2C8C79B}.Release|x86.ActiveCfg = Release|Win32
		{4860327C-3710-4E8E-ADEB-0E04A2C8C79B}.Release|x86.Build.0 = Release|Win32
		{86112414-7001-470F-AF01-25EB09AE4F54}.Debug|x64.ActiveCfg = Debug|x64
		{86112414-7001-470F-AF01-25EB09AE4F54}.Debug|x64.Build.0 = Debug|x64
		{86112414-7001-470F-AF01-25EB09AE4F54}.Debug|x86.ActiveCfg = Debug|Win32
		{86112414-7001-470F-AF01-25EB09AE4F54}.Debug|x86.Build.0 = Debug|Win32
		{86112414-7001-470F-AF01-25EB09AE4F54}.Release|x64.ActiveCfg = Release|x64
		{86112414-7001-470F-AF01-25EB09AE4F54}.Release|x64.Build.0 = Release|x64
		{86112414-7001-470F-AF01-25EB09AE4F54}.Release|x86.ActiveCfg = Release|Win32
		{86112414-7001-470F-AF01-25EB09AE4F54}.Release|x86.Build.0 = Release|Win32
	EndGlobalSection
	GlobalSection(SolutionProperties) = preSolution
		HideSolutionNode = FALSE
	EndGlobalSection
	GlobalSection(NestedProjects) = preSolution
		{952045BC-F6A1-405E-99D0-9899E6D7CFBF} = {3F036364-6C00-446C-803B-099853E29A63}
		{CF278416-E153-4484-B82C-24F0603F2923} = {3F036364-6C00-446C-803B-099853E29A63}
		{B336EBED-4A36-416C-82CF-007F3256790D} = {3F036364-6C00-446C-803B-099853E29A63}
		{0857B58B-6640-444C-94F6-A022E735B008} = {3F036364-6C00-446C-803B-099853E29A63}
		{725DB478-7980-4640-9BF6-CBABFEF870B7} = {3F036364-6C00-446C-803B-099853E29A63}
		{47B48173-356B-47F8-8026-ED1E765727BB} = {3F036364-6C00-446C-803B-099853E29A63}
		{1765A130-AE36-4E76-B76C-DC71CF0397FF} = {3F036364-6C00-446C-803B-099853E29A63}
		{D62BBD06-B351-480E-B533-226029BD4AB7} = {3F036364-6C00-446C-803B-099853E29A63}
		{4860327C-3710-4E8E-ADEB-0E04A2C8C79B} = {3F036364-6C00-446C-803B-099853E29A63}
		{86112414-7001-470F-AF01-25EB09AE4F54} = {3F036364-6C00-446C-803B-099853E29A63}
	EndGlobalSection
	GlobalSection(ExtensibilityGlobals) = postSolution
		SolutionGuid = {AC4549F9-D65D-4470-92FC-9008C25A73B9}
	EndGlobalSection
EndGlobal
